
Microsoft Visual Studio Solution File, Format Version 12.00
# Visual Studio Version 16
VisualStudioVersion = 16.0.31025.194
MinimumVisualStudioVersion = 10.0.40219.1
Project("{8BC9CEB8-8B4A-11D0-8D11-00A0C91BC942}") = "MathLibrary", "MathLibrary\MathLibrary.vcxproj", "{F4B581E3-6F8D-494E-8FDA-6B3EA377C911}"
EndProject
Project("{8BC9CEB8-8B4A-11D0-8D11-00A0C91BC942}") = "MathClient", "MathClient\MathClient.vcxproj", "{FA91B853-2A55-4A52-B7F5-5DAF181B4131}"
EndProject
Global
	GlobalSection(SolutionConfigurationPlatforms) = preSolution
		Debug|x64 = Debug|x64
		Debug|x86 = Debug|x86
		Release|x64 = Release|x64
		Release|x86 = Release|x86
	EndGlobalSection
	GlobalSection(ProjectConfigurationPlatforms) = postSolution
		{F4B581E3-6F8D-494E-8FDA-6B3EA377C911}.Debug|x64.ActiveCfg = Debug|x64
		{F4B581E3-6F8D-494E-8FDA-6B3EA377C911}.Debug|x64.Build.0 = Debug|x64
		{F4B581E3-6F8D-494E-8FDA-6B3EA377C911}.Debug|x86.ActiveCfg = Debug|Win32
		{F4B581E3-6F8D-494E-8FDA-6B3EA377C911}.Debug|x86.Build.0 = Debug|Win32
		{F4B581E3-6F8D-494E-8FDA-6B3EA377C911}.Release|x64.ActiveCfg = Release|x64
		{F4B581E3-6F8D-494E-8FDA-6B3EA377C911}.Release|x64.Build.0 = Release|x64
		{F4B581E3-6F8D-494E-8FDA-6B3EA377C911}.Release|x86.ActiveCfg = Release|Win32
		{F4B581E3-6F8D-494E-8FDA-6B3EA377C911}.Release|x86.Build.0 = Release|Win32
		{FA91B853-2A55-4A52-B7F5-5DAF181B4131}.Debug|x64.ActiveCfg = Debug|x64
		{FA91B853-2A55-4A52-B7F5-5DAF181B4131}.Debug|x64.Build.0 = Debug|x64
		{FA91B853-2A55-4A52-B7F5-5DAF181B4131}.Debug|x86.ActiveCfg = Debug|Win32
		{FA91B853-2A55-4A52-B7F5-5DAF181B4131}.Debug|x86.Build.0 = Debug|Win32
		{FA91B853-2A55-4A52-B7F5-5DAF181B4131}.Release|x64.ActiveCfg = Release|x64
		{FA91B853-2A55-4A52-B7F5-5DAF181B4131}.Release|x64.Build.0 = Release|x64
		{FA91B853-2A55-4A52-B7F5-5DAF181B4131}.Release|x86.ActiveCfg = Release|Win32
		{FA91B853-2A55-4A52-B7F5-5DAF181B4131}.Release|x86.Build.0 = Release|Win32
	EndGlobalSection
	GlobalSection(SolutionProperties) = preSolution
		HideSolutionNode = FALSE
	EndGlobalSection
	GlobalSection(ExtensibilityGlobals) = postSolution
		SolutionGuid = {C5B902A4-5466-4540-9D4B-9280D2C08EB4}
	EndGlobalSection
EndGlobal
